
Microsoft Visual Studio Solution File, Format Version 12.00
# Visual Studio Version 16
VisualStudioVersion = 16.0.31515.178
MinimumVisualStudioVersion = 10.0.40219.1
Project("{2150E333-8FDC-42A3-9474-1A3956D46DE8}") = "Solution Items", "Solution Items", "{2F9EFE68-18D6-4208-9210-E4AB4E8ADF9C}"
	ProjectSection(SolutionItems) = preProject
		.dockerignore = .dockerignore
		.editorconfig = .editorconfig
		.gitignore = .gitignore
		create-nugets-and-push-to-local.bat = create-nugets-and-push-to-local.bat
		docker-compose up.bat = docker-compose up.bat
		docker-compose.yml = docker-compose.yml
		nuget.config = nuget.config
		README.md = README.md
		Template-Service.sln.DotSettings = Template-Service.sln.DotSettings
	EndProjectSection
EndProject
Project("{2150E333-8FDC-42A3-9474-1A3956D46DE8}") = "Contracts", "Contracts", "{B5AF928E-D346-474A-9C29-DB8EEC6AB425}"
EndProject
Project("{9A19103F-16F7-4668-BE54-9A1E7A4F7556}") = "TemplateService", "TemplateService\TemplateService.csproj", "{C91A7B2A-D86B-4E26-AF78-45E003FB89B4}"
EndProject
Project("{9A19103F-16F7-4668-BE54-9A1E7A4F7556}") = "TemplateService.Application", "TemplateService.Application\TemplateService.Application.csproj", "{CD1EC193-72F2-40A2-A2AD-B670C6F2CAA4}"
EndProject
Project("{9A19103F-16F7-4668-BE54-9A1E7A4F7556}") = "TemplateService.Data", "TemplateService.Data\TemplateService.Data.csproj", "{6AADFCDC-8F8B-4442-AD8C-B1E3D3EC7E44}"
EndProject
Project("{9A19103F-16F7-4668-BE54-9A1E7A4F7556}") = "TemplateService.Tests", "TemplateService.Tests\TemplateService.Tests.csproj", "{A7AFBFC3-F4B0-45DC-9001-1E90A59CBA26}"
EndProject
Project("{9A19103F-16F7-4668-BE54-9A1E7A4F7556}") = "OpenApi.TemplateService", "OpenApi.TemplateService\OpenApi.TemplateService.csproj", "{FD174C84-D50F-4BAA-9430-D69AD6BAC3E4}"
EndProject
Project("{9A19103F-16F7-4668-BE54-9A1E7A4F7556}") = "Messaging.TemplateService", "Messaging.TemplateService\Messaging.TemplateService.csproj", "{857CBD47-ACB7-4662-8A9A-AAE42C7C6C9D}"
EndProject
Project("{9A19103F-16F7-4668-BE54-9A1E7A4F7556}") = "Grpc.TemplateService", "Grpc.TemplateService\Grpc.TemplateService.csproj", "{F0943C7A-FB18-4222-9CE2-D97C4D1BD7AB}"
EndProject
Global
	GlobalSection(SolutionConfigurationPlatforms) = preSolution
		Debug|Any CPU = Debug|Any CPU
		Release|Any CPU = Release|Any CPU
	EndGlobalSection
	GlobalSection(ProjectConfigurationPlatforms) = postSolution
		{C91A7B2A-D86B-4E26-AF78-45E003FB89B4}.Debug|Any CPU.ActiveCfg = Debug|Any CPU
		{C91A7B2A-D86B-4E26-AF78-45E003FB89B4}.Debug|Any CPU.Build.0 = Debug|Any CPU
		{C91A7B2A-D86B-4E26-AF78-45E003FB89B4}.Release|Any CPU.ActiveCfg = Release|Any CPU
		{C91A7B2A-D86B-4E26-AF78-45E003FB89B4}.Release|Any CPU.Build.0 = Release|Any CPU
		{CD1EC193-72F2-40A2-A2AD-B670C6F2CAA4}.Debug|Any CPU.ActiveCfg = Debug|Any CPU
		{CD1EC193-72F2-40A2-A2AD-B670C6F2CAA4}.Debug|Any CPU.Build.0 = Debug|Any CPU
		{CD1EC193-72F2-40A2-A2AD-B670C6F2CAA4}.Release|Any CPU.ActiveCfg = Release|Any CPU
		{CD1EC193-72F2-40A2-A2AD-B670C6F2CAA4}.Release|Any CPU.Build.0 = Release|Any CPU
		{6AADFCDC-8F8B-4442-AD8C-B1E3D3EC7E44}.Debug|Any CPU.ActiveCfg = Debug|Any CPU
		{6AADFCDC-8F8B-4442-AD8C-B1E3D3EC7E44}.Debug|Any CPU.Build.0 = Debug|Any CPU
		{6AADFCDC-8F8B-4442-AD8C-B1E3D3EC7E44}.Release|Any CPU.ActiveCfg = Release|Any CPU
		{6AADFCDC-8F8B-4442-AD8C-B1E3D3EC7E44}.Release|Any CPU.Build.0 = Release|Any CPU
		{A7AFBFC3-F4B0-45DC-9001-1E90A59CBA26}.Debug|Any CPU.ActiveCfg = Debug|Any CPU
		{A7AFBFC3-F4B0-45DC-9001-1E90A59CBA26}.Debug|Any CPU.Build.0 = Debug|Any CPU
		{A7AFBFC3-F4B0-45DC-9001-1E90A59CBA26}.Release|Any CPU.ActiveCfg = Release|Any CPU
		{A7AFBFC3-F4B0-45DC-9001-1E90A59CBA26}.Release|Any CPU.Build.0 = Release|Any CPU
		{FD174C84-D50F-4BAA-9430-D69AD6BAC3E4}.Debug|Any CPU.ActiveCfg = Debug|Any CPU
		{FD174C84-D50F-4BAA-9430-D69AD6BAC3E4}.Debug|Any CPU.Build.0 = Debug|Any CPU
		{FD174C84-D50F-4BAA-9430-D69AD6BAC3E4}.Release|Any CPU.ActiveCfg = Release|Any CPU
		{FD174C84-D50F-4BAA-9430-D69AD6BAC3E4}.Release|Any CPU.Build.0 = Release|Any CPU
		{857CBD47-ACB7-4662-8A9A-AAE42C7C6C9D}.Debug|Any CPU.ActiveCfg = Debug|Any CPU
		{857CBD47-ACB7-4662-8A9A-AAE42C7C6C9D}.Debug|Any CPU.Build.0 = Debug|Any CPU
		{857CBD47-ACB7-4662-8A9A-AAE42C7C6C9D}.Release|Any CPU.ActiveCfg = Release|Any CPU
		{857CBD47-ACB7-4662-8A9A-AAE42C7C6C9D}.Release|Any CPU.Build.0 = Release|Any CPU
		{F0943C7A-FB18-4222-9CE2-D97C4D1BD7AB}.Debug|Any CPU.ActiveCfg = Debug|Any CPU
		{F0943C7A-FB18-4222-9CE2-D97C4D1BD7AB}.Debug|Any CPU.Build.0 = Debug|Any CPU
		{F0943C7A-FB18-4222-9CE2-D97C4D1BD7AB}.Release|Any CPU.ActiveCfg = Release|Any CPU
		{F0943C7A-FB18-4222-9CE2-D97C4D1BD7AB}.Release|Any CPU.Build.0 = Release|Any CPU
	EndGlobalSection
	GlobalSection(SolutionProperties) = preSolution
		HideSolutionNode = FALSE
	EndGlobalSection
	GlobalSection(NestedProjects) = preSolution
		{FD174C84-D50F-4BAA-9430-D69AD6BAC3E4} = {B5AF928E-D346-474A-9C29-DB8EEC6AB425}
		{857CBD47-ACB7-4662-8A9A-AAE42C7C6C9D} = {B5AF928E-D346-474A-9C29-DB8EEC6AB425}
		{F0943C7A-FB18-4222-9CE2-D97C4D1BD7AB} = {B5AF928E-D346-474A-9C29-DB8EEC6AB425}
	EndGlobalSection
	GlobalSection(ExtensibilityGlobals) = postSolution
		SolutionGuid = {292DF0A4-D6E2-4ACC-B9AB-5DF9DEC321A6}
	EndGlobalSection
EndGlobal
